
Microsoft Visual Studio Solution File, Format Version 12.00
# Visual Studio Version 16
VisualStudioVersion = 16.0.29001.49
MinimumVisualStudioVersion = 10.0.40219.1
Project("{FAE04EC0-301F-11D3-BF4B-00C04F79EFBC}") = "Hello World 3", "Hello World 3\Hello World 3.csproj", "{8D6BBB40-2212-4B3D-A7A7-27AAAC97F440}"
EndProject
Global
	GlobalSection(SolutionConfigurationPlatforms) = preSolution
		Debug|Any CPU = Debug|Any CPU
		Release|Any CPU = Release|Any CPU
	EndGlobalSection
	GlobalSection(ProjectConfigurationPlatforms) = postSolution
		{8D6BBB40-2212-4B3D-A7A7-27AAAC97F440}.Debug|Any CPU.ActiveCfg = Debug|Any CPU
		{8D6BBB40-2212-4B3D-A7A7-27AAAC97F440}.Debug|Any CPU.Build.0 = Debug|Any CPU
		{8D6BBB40-2212-4B3D-A7A7-27AAAC97F440}.Release|Any CPU.ActiveCfg = Release|Any CPU
		{8D6BBB40-2212-4B3D-A7A7-27AAAC97F440}.Release|Any CPU.Build.0 = Release|Any CPU
	EndGlobalSection
	GlobalSection(SolutionProperties) = preSolution
		HideSolutionNode = FALSE
	EndGlobalSection
	GlobalSection(ExtensibilityGlobals) = postSolution
		SolutionGuid = {255FE239-8B0E-4B93-A6D4-2611843EE572}
	EndGlobalSection
EndGlobal
